
Microsoft Visual Studio Solution File, Format Version 12.00
# Visual Studio Version 17
VisualStudioVersion = 17.0.31903.59
MinimumVisualStudioVersion = 10.0.40219.1
Project("{9A19103F-16F7-4668-BE54-9A1E7A4F7556}") = "AdventOfCode1", "AdventOfCode1\AdventOfCode1.csproj", "{160A89AD-B863-428E-B09A-D778CB775151}"
EndProject
Project("{FAE04EC0-301F-11D3-BF4B-00C04F79EFBC}") = "Tests", "Tests\Tests.csproj", "{C94B73D3-CA8D-41AC-ACEB-75B7A9D8E1DE}"
EndProject
Global
	GlobalSection(SolutionConfigurationPlatforms) = preSolution
		Debug|Any CPU = Debug|Any CPU
		Release|Any CPU = Release|Any CPU
	EndGlobalSection
	GlobalSection(ProjectConfigurationPlatforms) = postSolution
		{160A89AD-B863-428E-B09A-D778CB775151}.Debug|Any CPU.ActiveCfg = Debug|Any CPU
		{160A89AD-B863-428E-B09A-D778CB775151}.Debug|Any CPU.Build.0 = Debug|Any CPU
		{160A89AD-B863-428E-B09A-D778CB775151}.Release|Any CPU.ActiveCfg = Release|Any CPU
		{160A89AD-B863-428E-B09A-D778CB775151}.Release|Any CPU.Build.0 = Release|Any CPU
		{C94B73D3-CA8D-41AC-ACEB-75B7A9D8E1DE}.Debug|Any CPU.ActiveCfg = Debug|Any CPU
		{C94B73D3-CA8D-41AC-ACEB-75B7A9D8E1DE}.Debug|Any CPU.Build.0 = Debug|Any CPU
		{C94B73D3-CA8D-41AC-ACEB-75B7A9D8E1DE}.Release|Any CPU.ActiveCfg = Release|Any CPU
		{C94B73D3-CA8D-41AC-ACEB-75B7A9D8E1DE}.Release|Any CPU.Build.0 = Release|Any CPU
	EndGlobalSection
	GlobalSection(SolutionProperties) = preSolution
		HideSolutionNode = FALSE
	EndGlobalSection
	GlobalSection(ExtensibilityGlobals) = postSolution
		SolutionGuid = {73E16996-1E6B-4EC1-B60C-26A28A8BA62E}
	EndGlobalSection
EndGlobal
